
Microsoft Visual Studio Solution File, Format Version 12.00
# Visual Studio Version 17
VisualStudioVersion = 17.11.35327.3
MinimumVisualStudioVersion = 10.0.40219.1
Project("{FAE04EC0-301F-11D3-BF4B-00C04F79EFBC}") = "Практика2", "Практика2\Практика2.csproj", "{03842D28-492A-428F-88FE-CEC5F58E3D28}"
EndProject
Global
	GlobalSection(SolutionConfigurationPlatforms) = preSolution
		Debug|Any CPU = Debug|Any CPU
		Release|Any CPU = Release|Any CPU
	EndGlobalSection
	GlobalSection(ProjectConfigurationPlatforms) = postSolution
		{03842D28-492A-428F-88FE-CEC5F58E3D28}.Debug|Any CPU.ActiveCfg = Debug|Any CPU
		{03842D28-492A-428F-88FE-CEC5F58E3D28}.Debug|Any CPU.Build.0 = Debug|Any CPU
		{03842D28-492A-428F-88FE-CEC5F58E3D28}.Release|Any CPU.ActiveCfg = Release|Any CPU
		{03842D28-492A-428F-88FE-CEC5F58E3D28}.Release|Any CPU.Build.0 = Release|Any CPU
	EndGlobalSection
	GlobalSection(SolutionProperties) = preSolution
		HideSolutionNode = FALSE
	EndGlobalSection
	GlobalSection(ExtensibilityGlobals) = postSolution
		SolutionGuid = {65C5B046-BACD-4332-A2D9-5024F3B1663D}
	EndGlobalSection
EndGlobal
